
Microsoft Visual Studio Solution File, Format Version 12.00
# Visual Studio Version 17
VisualStudioVersion = 17.1.32328.378
MinimumVisualStudioVersion = 10.0.40219.1
Project("{9A19103F-16F7-4668-BE54-9A1E7A4F7556}") = "LinkedListProgram", "LinkedListProgram\LinkedListProgram.csproj", "{AEF72399-E13B-42C8-AC3D-83C082933CAC}"
EndProject
Project("{FAE04EC0-301F-11D3-BF4B-00C04F79EFBC}") = "StackLinkedList", "StackLinkedList\StackLinkedList.csproj", "{3439F100-825E-468B-9331-FFDB80F239FF}"
EndProject
Project("{FAE04EC0-301F-11D3-BF4B-00C04F79EFBC}") = "QueueLinkedList", "QueueLinkedList\QueueLinkedList.csproj", "{BCB17F7D-7028-4DE8-911C-E78759275C51}"
EndProject
Global
	GlobalSection(SolutionConfigurationPlatforms) = preSolution
		Debug|Any CPU = Debug|Any CPU
		Release|Any CPU = Release|Any CPU
	EndGlobalSection
	GlobalSection(ProjectConfigurationPlatforms) = postSolution
		{AEF72399-E13B-42C8-AC3D-83C082933CAC}.Debug|Any CPU.ActiveCfg = Debug|Any CPU
		{AEF72399-E13B-42C8-AC3D-83C082933CAC}.Debug|Any CPU.Build.0 = Debug|Any CPU
		{AEF72399-E13B-42C8-AC3D-83C082933CAC}.Release|Any CPU.ActiveCfg = Release|Any CPU
		{AEF72399-E13B-42C8-AC3D-83C082933CAC}.Release|Any CPU.Build.0 = Release|Any CPU
		{3439F100-825E-468B-9331-FFDB80F239FF}.Debug|Any CPU.ActiveCfg = Debug|Any CPU
		{3439F100-825E-468B-9331-FFDB80F239FF}.Debug|Any CPU.Build.0 = Debug|Any CPU
		{3439F100-825E-468B-9331-FFDB80F239FF}.Release|Any CPU.ActiveCfg = Release|Any CPU
		{3439F100-825E-468B-9331-FFDB80F239FF}.Release|Any CPU.Build.0 = Release|Any CPU
		{BCB17F7D-7028-4DE8-911C-E78759275C51}.Debug|Any CPU.ActiveCfg = Debug|Any CPU
		{BCB17F7D-7028-4DE8-911C-E78759275C51}.Debug|Any CPU.Build.0 = Debug|Any CPU
		{BCB17F7D-7028-4DE8-911C-E78759275C51}.Release|Any CPU.ActiveCfg = Release|Any CPU
		{BCB17F7D-7028-4DE8-911C-E78759275C51}.Release|Any CPU.Build.0 = Release|Any CPU
	EndGlobalSection
	GlobalSection(SolutionProperties) = preSolution
		HideSolutionNode = FALSE
	EndGlobalSection
	GlobalSection(ExtensibilityGlobals) = postSolution
		SolutionGuid = {12609F27-BDB8-4E68-BBDE-DDF6DD53AC72}
	EndGlobalSection
EndGlobal
